// !$*UTF8*$!
{
	archiveVersion = 1;
	classes = {
	};
	objectVersion = 51;
	objects = {

/* Begin PBXBuildFile section */
		313AD8C8267774F400F0A562 /* AppDelegate.swift in Sources */ = {isa = PBXBuildFile; fileRef = 313AD8C7267774F400F0A562 /* AppDelegate.swift */; };
		313AD8CA267774F400F0A562 /* SceneDelegate.swift in Sources */ = {isa = PBXBuildFile; fileRef = 313AD8C9267774F400F0A562 /* SceneDelegate.swift */; };
		313AD8D1267774F700F0A562 /* Assets.xcassets in Resources */ = {isa = PBXBuildFile; fileRef = 313AD8D0267774F700F0A562 /* Assets.xcassets */; };
		313AD8D4267774F700F0A562 /* LaunchScreen.storyboard in Resources */ = {isa = PBXBuildFile; fileRef = 313AD8D2267774F700F0A562 /* LaunchScreen.storyboard */; };
		313AD8FB2677888000F0A562 /* GoogleService-Info.plist in Resources */ = {isa = PBXBuildFile; fileRef = 313AD8FA2677888000F0A562 /* GoogleService-Info.plist */; };
		313AD9282678B18900F0A562 /* Authentication.storyboard in Resources */ = {isa = PBXBuildFile; fileRef = 313AD9272678B18900F0A562 /* Authentication.storyboard */; };
		313AD92C2678B1C500F0A562 /* AuthenticationViewController.swift in Sources */ = {isa = PBXBuildFile; fileRef = 313AD92B2678B1C500F0A562 /* AuthenticationViewController.swift */; };
		313AD9322678B80300F0A562 /* StoryboardExtension.swift in Sources */ = {isa = PBXBuildFile; fileRef = 313AD9312678B80300F0A562 /* StoryboardExtension.swift */; };
		313AD9352678C99E00F0A562 /* SignInViewController.swift in Sources */ = {isa = PBXBuildFile; fileRef = 313AD9342678C99E00F0A562 /* SignInViewController.swift */; };
		313AD9392678DC8B00F0A562 /* CurrentUser.swift in Sources */ = {isa = PBXBuildFile; fileRef = 313AD9382678DC8B00F0A562 /* CurrentUser.swift */; };
		8CF7FC5D2FF54A15DBDEE3BF /* Pods_Spancirfest.framework in Frameworks */ = {isa = PBXBuildFile; fileRef = C97D26B1DC09D48AADA00FE0 /* Pods_Spancirfest.framework */; };
/* End PBXBuildFile section */

/* Begin PBXFileReference section */
		313AD8C4267774F400F0A562 /* Spancirfest.app */ = {isa = PBXFileReference; explicitFileType = wrapper.application; includeInIndex = 0; path = Spancirfest.app; sourceTree = BUILT_PRODUCTS_DIR; };
		313AD8C7267774F400F0A562 /* AppDelegate.swift */ = {isa = PBXFileReference; lastKnownFileType = sourcecode.swift; path = AppDelegate.swift; sourceTree = "<group>"; };
		313AD8C9267774F400F0A562 /* SceneDelegate.swift */ = {isa = PBXFileReference; lastKnownFileType = sourcecode.swift; path = SceneDelegate.swift; sourceTree = "<group>"; };
		313AD8D0267774F700F0A562 /* Assets.xcassets */ = {isa = PBXFileReference; lastKnownFileType = folder.assetcatalog; path = Assets.xcassets; sourceTree = "<group>"; };
		313AD8D3267774F700F0A562 /* Base */ = {isa = PBXFileReference; lastKnownFileType = file.storyboard; name = Base; path = Base.lproj/LaunchScreen.storyboard; sourceTree = "<group>"; };
		313AD8D5267774F700F0A562 /* Info.plist */ = {isa = PBXFileReference; lastKnownFileType = text.plist.xml; path = Info.plist; sourceTree = "<group>"; };
		313AD8FA2677888000F0A562 /* GoogleService-Info.plist */ = {isa = PBXFileReference; fileEncoding = 4; lastKnownFileType = text.plist.xml; path = "GoogleService-Info.plist"; sourceTree = "<group>"; };
		313AD9272678B18900F0A562 /* Authentication.storyboard */ = {isa = PBXFileReference; lastKnownFileType = file.storyboard; path = Authentication.storyboard; sourceTree = "<group>"; };
		313AD92B2678B1C500F0A562 /* AuthenticationViewController.swift */ = {isa = PBXFileReference; lastKnownFileType = sourcecode.swift; path = AuthenticationViewController.swift; sourceTree = "<group>"; };
		313AD9312678B80300F0A562 /* StoryboardExtension.swift */ = {isa = PBXFileReference; lastKnownFileType = sourcecode.swift; path = StoryboardExtension.swift; sourceTree = "<group>"; };
		313AD9342678C99E00F0A562 /* SignInViewController.swift */ = {isa = PBXFileReference; lastKnownFileType = sourcecode.swift; path = SignInViewController.swift; sourceTree = "<group>"; };
		313AD9382678DC8B00F0A562 /* CurrentUser.swift */ = {isa = PBXFileReference; lastKnownFileType = sourcecode.swift; path = CurrentUser.swift; sourceTree = "<group>"; };
		3FD2A2E970A0DE4CBEC0CD67 /* Pods-Spancirfest.debug.xcconfig */ = {isa = PBXFileReference; includeInIndex = 1; lastKnownFileType = text.xcconfig; name = "Pods-Spancirfest.debug.xcconfig"; path = "Target Support Files/Pods-Spancirfest/Pods-Spancirfest.debug.xcconfig"; sourceTree = "<group>"; };
		498D71B44DF74C19A79EA051 /* Pods-Spancirfest.release.xcconfig */ = {isa = PBXFileReference; includeInIndex = 1; lastKnownFileType = text.xcconfig; name = "Pods-Spancirfest.release.xcconfig"; path = "Target Support Files/Pods-Spancirfest/Pods-Spancirfest.release.xcconfig"; sourceTree = "<group>"; };
		C97D26B1DC09D48AADA00FE0 /* Pods_Spancirfest.framework */ = {isa = PBXFileReference; explicitFileType = wrapper.framework; includeInIndex = 0; path = Pods_Spancirfest.framework; sourceTree = BUILT_PRODUCTS_DIR; };
/* End PBXFileReference section */

/* Begin PBXFrameworksBuildPhase section */
		313AD8C1267774F400F0A562 /* Frameworks */ = {
			isa = PBXFrameworksBuildPhase;
			buildActionMask = 2147483647;
			files = (
				8CF7FC5D2FF54A15DBDEE3BF /* Pods_Spancirfest.framework in Frameworks */,
			);
			runOnlyForDeploymentPostprocessing = 0;
		};
/* End PBXFrameworksBuildPhase section */

/* Begin PBXGroup section */
		313AD8BB267774F400F0A562 = {
			isa = PBXGroup;
			children = (
				313AD8C6267774F400F0A562 /* Spancirfest */,
				313AD8C5267774F400F0A562 /* Products */,
				6DD0449A76DE2562C1C229F3 /* Pods */,
				3D08664BD9BFFAE9B8C0E317 /* Frameworks */,
			);
			sourceTree = "<group>";
		};
		313AD8C5267774F400F0A562 /* Products */ = {
			isa = PBXGroup;
			children = (
				313AD8C4267774F400F0A562 /* Spancirfest.app */,
			);
			name = Products;
			sourceTree = "<group>";
		};
		313AD8C6267774F400F0A562 /* Spancirfest */ = {
			isa = PBXGroup;
			children = (
				313AD92F2678B54900F0A562 /* Extensions */,
				313AD8F32677860600F0A562 /* Common */,
				313AD8F2267785FE00F0A562 /* Services */,
				313AD8F1267785F800F0A562 /* Models */,
				313AD8EB267784C600F0A562 /* Resources */,
				313AD8F0267785EF00F0A562 /* Modules */,
				313AD8EA267784BD00F0A562 /* Application */,
			);
			path = Spancirfest;
			sourceTree = "<group>";
		};
		313AD8EA267784BD00F0A562 /* Application */ = {
			isa = PBXGroup;
			children = (
				313AD8FA2677888000F0A562 /* GoogleService-Info.plist */,
				313AD8D2267774F700F0A562 /* LaunchScreen.storyboard */,
				313AD8D5267774F700F0A562 /* Info.plist */,
				313AD8C7267774F400F0A562 /* AppDelegate.swift */,
				313AD8C9267774F400F0A562 /* SceneDelegate.swift */,
			);
			path = Application;
			sourceTree = "<group>";
		};
		313AD8EB267784C600F0A562 /* Resources */ = {
			isa = PBXGroup;
			children = (
				313AD8D0267774F700F0A562 /* Assets.xcassets */,
			);
			path = Resources;
			sourceTree = "<group>";
		};
		313AD8F0267785EF00F0A562 /* Modules */ = {
			isa = PBXGroup;
			children = (
				313AD8FD2678AB4000F0A562 /* Authentication */,
			);
			path = Modules;
			sourceTree = "<group>";
		};
		313AD8F1267785F800F0A562 /* Models */ = {
			isa = PBXGroup;
			children = (
			);
			path = Models;
			sourceTree = "<group>";
		};
		313AD8F2267785FE00F0A562 /* Services */ = {
			isa = PBXGroup;
			children = (
			);
			path = Services;
			sourceTree = "<group>";
		};
		313AD8F32677860600F0A562 /* Common */ = {
			isa = PBXGroup;
			children = (
				313AD9372678DC7C00F0A562 /* UserData */,
			);
			path = Common;
			sourceTree = "<group>";
		};
		313AD8FD2678AB4000F0A562 /* Authentication */ = {
			isa = PBXGroup;
			children = (
				313AD9272678B18900F0A562 /* Authentication.storyboard */,
				313AD92B2678B1C500F0A562 /* AuthenticationViewController.swift */,
				313AD9342678C99E00F0A562 /* SignInViewController.swift */,
			);
			path = Authentication;
			sourceTree = "<group>";
		};
		313AD92F2678B54900F0A562 /* Extensions */ = {
			isa = PBXGroup;
			children = (
				313AD9312678B80300F0A562 /* StoryboardExtension.swift */,
			);
			path = Extensions;
			sourceTree = "<group>";
		};
		313AD9372678DC7C00F0A562 /* UserData */ = {
			isa = PBXGroup;
			children = (
				313AD9382678DC8B00F0A562 /* CurrentUser.swift */,
			);
			path = UserData;
			sourceTree = "<group>";
		};
		3D08664BD9BFFAE9B8C0E317 /* Frameworks */ = {
			isa = PBXGroup;
			children = (
				C97D26B1DC09D48AADA00FE0 /* Pods_Spancirfest.framework */,
			);
			name = Frameworks;
			sourceTree = "<group>";
		};
		6DD0449A76DE2562C1C229F3 /* Pods */ = {
			isa = PBXGroup;
			children = (
				3FD2A2E970A0DE4CBEC0CD67 /* Pods-Spancirfest.debug.xcconfig */,
				498D71B44DF74C19A79EA051 /* Pods-Spancirfest.release.xcconfig */,
			);
			path = Pods;
			sourceTree = "<group>";
		};
/* End PBXGroup section */

/* Begin PBXNativeTarget section */
		313AD8C3267774F400F0A562 /* Spancirfest */ = {
			isa = PBXNativeTarget;
			buildConfigurationList = 313AD8D8267774F700F0A562 /* Build configuration list for PBXNativeTarget "Spancirfest" */;
			buildPhases = (
				3441ABBF3A60D5AC2A1453D5 /* [CP] Check Pods Manifest.lock */,
				313AD8C0267774F400F0A562 /* Sources */,
				313AD8C1267774F400F0A562 /* Frameworks */,
				313AD8C2267774F400F0A562 /* Resources */,
				683E1A29CF7B83403C13312E /* [CP] Embed Pods Frameworks */,
				D9476D84CC6C8700584F65CF /* [CP] Copy Pods Resources */,
			);
			buildRules = (
			);
			dependencies = (
			);
			name = Spancirfest;
			productName = Spancirfest;
			productReference = 313AD8C4267774F400F0A562 /* Spancirfest.app */;
			productType = "com.apple.product-type.application";
		};
/* End PBXNativeTarget section */

/* Begin PBXProject section */
		313AD8BC267774F400F0A562 /* Project object */ = {
			isa = PBXProject;
			attributes = {
				LastSwiftUpdateCheck = 1240;
				LastUpgradeCheck = 1240;
				TargetAttributes = {
					313AD8C3267774F400F0A562 = {
						CreatedOnToolsVersion = 12.4;
					};
				};
			};
			buildConfigurationList = 313AD8BF267774F400F0A562 /* Build configuration list for PBXProject "Spancirfest" */;
			compatibilityVersion = "Xcode 9.3";
			developmentRegion = en;
			hasScannedForEncodings = 0;
			knownRegions = (
				en,
				Base,
			);
			mainGroup = 313AD8BB267774F400F0A562;
			productRefGroup = 313AD8C5267774F400F0A562 /* Products */;
			projectDirPath = "";
			projectRoot = "";
			targets = (
				313AD8C3267774F400F0A562 /* Spancirfest */,
			);
		};
/* End PBXProject section */

/* Begin PBXResourcesBuildPhase section */
		313AD8C2267774F400F0A562 /* Resources */ = {
			isa = PBXResourcesBuildPhase;
			buildActionMask = 2147483647;
			files = (
				313AD9282678B18900F0A562 /* Authentication.storyboard in Resources */,
				313AD8D4267774F700F0A562 /* LaunchScreen.storyboard in Resources */,
				313AD8D1267774F700F0A562 /* Assets.xcassets in Resources */,
				313AD8FB2677888000F0A562 /* GoogleService-Info.plist in Resources */,
			);
			runOnlyForDeploymentPostprocessing = 0;
		};
/* End PBXResourcesBuildPhase section */

/* Begin PBXShellScriptBuildPhase section */
		3441ABBF3A60D5AC2A1453D5 /* [CP] Check Pods Manifest.lock */ = {
			isa = PBXShellScriptBuildPhase;
			buildActionMask = 2147483647;
			files = (
			);
			inputFileListPaths = (
			);
			inputPaths = (
				"${PODS_PODFILE_DIR_PATH}/Podfile.lock",
				"${PODS_ROOT}/Manifest.lock",
			);
			name = "[CP] Check Pods Manifest.lock";
			outputFileListPaths = (
			);
			outputPaths = (
				"$(DERIVED_FILE_DIR)/Pods-Spancirfest-checkManifestLockResult.txt",
			);
			runOnlyForDeploymentPostprocessing = 0;
			shellPath = /bin/sh;
			shellScript = "diff \"${PODS_PODFILE_DIR_PATH}/Podfile.lock\" \"${PODS_ROOT}/Manifest.lock\" > /dev/null\nif [ $? != 0 ] ; then\n    # print error to STDERR\n    echo \"error: The sandbox is not in sync with the Podfile.lock. Run 'pod install' or update your CocoaPods installation.\" >&2\n    exit 1\nfi\n# This output is used by Xcode 'outputs' to avoid re-running this script phase.\necho \"SUCCESS\" > \"${SCRIPT_OUTPUT_FILE_0}\"\n";
			showEnvVarsInLog = 0;
		};
		683E1A29CF7B83403C13312E /* [CP] Embed Pods Frameworks */ = {
			isa = PBXShellScriptBuildPhase;
			buildActionMask = 2147483647;
			files = (
			);
			inputFileListPaths = (
				"${PODS_ROOT}/Target Support Files/Pods-Spancirfest/Pods-Spancirfest-frameworks-${CONFIGURATION}-input-files.xcfilelist",
			);
			name = "[CP] Embed Pods Frameworks";
			outputFileListPaths = (
				"${PODS_ROOT}/Target Support Files/Pods-Spancirfest/Pods-Spancirfest-frameworks-${CONFIGURATION}-output-files.xcfilelist",
			);
			runOnlyForDeploymentPostprocessing = 0;
			shellPath = /bin/sh;
			shellScript = "\"${PODS_ROOT}/Target Support Files/Pods-Spancirfest/Pods-Spancirfest-frameworks.sh\"\n";
			showEnvVarsInLog = 0;
		};
		D9476D84CC6C8700584F65CF /* [CP] Copy Pods Resources */ = {
			isa = PBXShellScriptBuildPhase;
			buildActionMask = 2147483647;
			files = (
			);
			inputFileListPaths = (
				"${PODS_ROOT}/Target Support Files/Pods-Spancirfest/Pods-Spancirfest-resources-${CONFIGURATION}-input-files.xcfilelist",
			);
			name = "[CP] Copy Pods Resources";
			outputFileListPaths = (
				"${PODS_ROOT}/Target Support Files/Pods-Spancirfest/Pods-Spancirfest-resources-${CONFIGURATION}-output-files.xcfilelist",
			);
			runOnlyForDeploymentPostprocessing = 0;
			shellPath = /bin/sh;
			shellScript = "\"${PODS_ROOT}/Target Support Files/Pods-Spancirfest/Pods-Spancirfest-resources.sh\"\n";
			showEnvVarsInLog = 0;
		};
/* End PBXShellScriptBuildPhase section */

/* Begin PBXSourcesBuildPhase section */
		313AD8C0267774F400F0A562 /* Sources */ = {
			isa = PBXSourcesBuildPhase;
			buildActionMask = 2147483647;
			files = (
				313AD92C2678B1C500F0A562 /* AuthenticationViewController.swift in Sources */,
				313AD8C8267774F400F0A562 /* AppDelegate.swift in Sources */,
				313AD9322678B80300F0A562 /* StoryboardExtension.swift in Sources */,
				313AD9352678C99E00F0A562 /* SignInViewController.swift in Sources */,
				313AD9392678DC8B00F0A562 /* CurrentUser.swift in Sources */,
				313AD8CA267774F400F0A562 /* SceneDelegate.swift in Sources */,
			);
			runOnlyForDeploymentPostprocessing = 0;
		};
/* End PBXSourcesBuildPhase section */

/* Begin PBXVariantGroup section */
		313AD8D2267774F700F0A562 /* LaunchScreen.storyboard */ = {
			isa = PBXVariantGroup;
			children = (
				313AD8D3267774F700F0A562 /* Base */,
			);
			name = LaunchScreen.storyboard;
			sourceTree = "<group>";
		};
/* End PBXVariantGroup section */

/* Begin XCBuildConfiguration section */
		313AD8D6267774F700F0A562 /* Debug */ = {
			isa = XCBuildConfiguration;
			buildSettings = {
				ALWAYS_SEARCH_USER_PATHS = NO;
				CLANG_ANALYZER_NONNULL = YES;
				CLANG_ANALYZER_NUMBER_OBJECT_CONVERSION = YES_AGGRESSIVE;
				CLANG_CXX_LANGUAGE_STANDARD = "gnu++14";
				CLANG_CXX_LIBRARY = "libc++";
				CLANG_ENABLE_MODULES = YES;
				CLANG_ENABLE_OBJC_ARC = YES;
				CLANG_ENABLE_OBJC_WEAK = YES;
				CLANG_WARN_BLOCK_CAPTURE_AUTORELEASING = YES;
				CLANG_WARN_BOOL_CONVERSION = YES;
				CLANG_WARN_COMMA = YES;
				CLANG_WARN_CONSTANT_CONVERSION = YES;
				CLANG_WARN_DEPRECATED_OBJC_IMPLEMENTATIONS = YES;
				CLANG_WARN_DIRECT_OBJC_ISA_USAGE = YES_ERROR;
				CLANG_WARN_DOCUMENTATION_COMMENTS = YES;
				CLANG_WARN_EMPTY_BODY = YES;
				CLANG_WARN_ENUM_CONVERSION = YES;
				CLANG_WARN_INFINITE_RECURSION = YES;
				CLANG_WARN_INT_CONVERSION = YES;
				CLANG_WARN_NON_LITERAL_NULL_CONVERSION = YES;
				CLANG_WARN_OBJC_IMPLICIT_RETAIN_SELF = YES;
				CLANG_WARN_OBJC_LITERAL_CONVERSION = YES;
				CLANG_WARN_OBJC_ROOT_CLASS = YES_ERROR;
				CLANG_WARN_QUOTED_INCLUDE_IN_FRAMEWORK_HEADER = YES;
				CLANG_WARN_RANGE_LOOP_ANALYSIS = YES;
				CLANG_WARN_STRICT_PROTOTYPES = YES;
				CLANG_WARN_SUSPICIOUS_MOVE = YES;
				CLANG_WARN_UNGUARDED_AVAILABILITY = YES_AGGRESSIVE;
				CLANG_WARN_UNREACHABLE_CODE = YES;
				CLANG_WARN__DUPLICATE_METHOD_MATCH = YES;
				COPY_PHASE_STRIP = NO;
				DEBUG_INFORMATION_FORMAT = dwarf;
				ENABLE_STRICT_OBJC_MSGSEND = YES;
				ENABLE_TESTABILITY = YES;
				GCC_C_LANGUAGE_STANDARD = gnu11;
				GCC_DYNAMIC_NO_PIC = NO;
				GCC_NO_COMMON_BLOCKS = YES;
				GCC_OPTIMIZATION_LEVEL = 0;
				GCC_PREPROCESSOR_DEFINITIONS = (
					"DEBUG=1",
					"$(inherited)",
				);
				GCC_WARN_64_TO_32_BIT_CONVERSION = YES;
				GCC_WARN_ABOUT_RETURN_TYPE = YES_ERROR;
				GCC_WARN_UNDECLARED_SELECTOR = YES;
				GCC_WARN_UNINITIALIZED_AUTOS = YES_AGGRESSIVE;
				GCC_WARN_UNUSED_FUNCTION = YES;
				GCC_WARN_UNUSED_VARIABLE = YES;
				IPHONEOS_DEPLOYMENT_TARGET = 14.4;
				MTL_ENABLE_DEBUG_INFO = INCLUDE_SOURCE;
				MTL_FAST_MATH = YES;
				ONLY_ACTIVE_ARCH = YES;
				SDKROOT = iphoneos;
				SWIFT_ACTIVE_COMPILATION_CONDITIONS = DEBUG;
				SWIFT_OPTIMIZATION_LEVEL = "-Onone";
			};
			name = Debug;
		};
		313AD8D7267774F700F0A562 /* Release */ = {
			isa = XCBuildConfiguration;
			buildSettings = {
				ALWAYS_SEARCH_USER_PATHS = NO;
				CLANG_ANALYZER_NONNULL = YES;
				CLANG_ANALYZER_NUMBER_OBJECT_CONVERSION = YES_AGGRESSIVE;
				CLANG_CXX_LANGUAGE_STANDARD = "gnu++14";
				CLANG_CXX_LIBRARY = "libc++";
				CLANG_ENABLE_MODULES = YES;
				CLANG_ENABLE_OBJC_ARC = YES;
				CLANG_ENABLE_OBJC_WEAK = YES;
				CLANG_WARN_BLOCK_CAPTURE_AUTORELEASING = YES;
				CLANG_WARN_BOOL_CONVERSION = YES;
				CLANG_WARN_COMMA = YES;
				CLANG_WARN_CONSTANT_CONVERSION = YES;
				CLANG_WARN_DEPRECATED_OBJC_IMPLEMENTATIONS = YES;
				CLANG_WARN_DIRECT_OBJC_ISA_USAGE = YES_ERROR;
				CLANG_WARN_DOCUMENTATION_COMMENTS = YES;
				CLANG_WARN_EMPTY_BODY = YES;
				CLANG_WARN_ENUM_CONVERSION = YES;
				CLANG_WARN_INFINITE_RECURSION = YES;
				CLANG_WARN_INT_CONVERSION = YES;
				CLANG_WARN_NON_LITERAL_NULL_CONVERSION = YES;
				CLANG_WARN_OBJC_IMPLICIT_RETAIN_SELF = YES;
				CLANG_WARN_OBJC_LITERAL_CONVERSION = YES;
				CLANG_WARN_OBJC_ROOT_CLASS = YES_ERROR;
				CLANG_WARN_QUOTED_INCLUDE_IN_FRAMEWORK_HEADER = YES;
				CLANG_WARN_RANGE_LOOP_ANALYSIS = YES;
				CLANG_WARN_STRICT_PROTOTYPES = YES;
				CLANG_WARN_SUSPICIOUS_MOVE = YES;
				CLANG_WARN_UNGUARDED_AVAILABILITY = YES_AGGRESSIVE;
				CLANG_WARN_UNREACHABLE_CODE = YES;
				CLANG_WARN__DUPLICATE_METHOD_MATCH = YES;
				COPY_PHASE_STRIP = NO;
				DEBUG_INFORMATION_FORMAT = "dwarf-with-dsym";
				ENABLE_NS_ASSERTIONS = NO;
				ENABLE_STRICT_OBJC_MSGSEND = YES;
				GCC_C_LANGUAGE_STANDARD = gnu11;
				GCC_NO_COMMON_BLOCKS = YES;
				GCC_WARN_64_TO_32_BIT_CONVERSION = YES;
				GCC_WARN_ABOUT_RETURN_TYPE = YES_ERROR;
				GCC_WARN_UNDECLARED_SELECTOR = YES;
				GCC_WARN_UNINITIALIZED_AUTOS = YES_AGGRESSIVE;
				GCC_WARN_UNUSED_FUNCTION = YES;
				GCC_WARN_UNUSED_VARIABLE = YES;
				IPHONEOS_DEPLOYMENT_TARGET = 14.4;
				MTL_ENABLE_DEBUG_INFO = NO;
				MTL_FAST_MATH = YES;
				SDKROOT = iphoneos;
				SWIFT_COMPILATION_MODE = wholemodule;
				SWIFT_OPTIMIZATION_LEVEL = "-O";
				VALIDATE_PRODUCT = YES;
			};
			name = Release;
		};
		313AD8D9267774F700F0A562 /* Debug */ = {
			isa = XCBuildConfiguration;
			baseConfigurationReference = 3FD2A2E970A0DE4CBEC0CD67 /* Pods-Spancirfest.debug.xcconfig */;
			buildSettings = {
				ASSETCATALOG_COMPILER_APPICON_NAME = AppIcon;
				ASSETCATALOG_COMPILER_GLOBAL_ACCENT_COLOR_NAME = AccentColor;
				CODE_SIGN_STYLE = Automatic;
				DEVELOPMENT_TEAM = P675Y7Z4V8;
				INFOPLIST_FILE = Spancirfest/Application/Info.plist;
				LD_RUNPATH_SEARCH_PATHS = (
					"$(inherited)",
					"@executable_path/Frameworks",
				);
				PRODUCT_BUNDLE_IDENTIFIER = dmartan.Spancirfest;
				PRODUCT_NAME = "$(TARGET_NAME)";
				SWIFT_VERSION = 5.0;
				TARGETED_DEVICE_FAMILY = "1,2";
			};
			name = Debug;
		};
		313AD8DA267774F700F0A562 /* Release */ = {
			isa = XCBuildConfiguration;
			baseConfigurationReference = 498D71B44DF74C19A79EA051 /* Pods-Spancirfest.release.xcconfig */;
			buildSettings = {
				ASSETCATALOG_COMPILER_APPICON_NAME = AppIcon;
				ASSETCATALOG_COMPILER_GLOBAL_ACCENT_COLOR_NAME = AccentColor;
				CODE_SIGN_STYLE = Automatic;
				DEVELOPMENT_TEAM = P675Y7Z4V8;
				INFOPLIST_FILE = Spancirfest/Application/Info.plist;
				LD_RUNPATH_SEARCH_PATHS = (
					"$(inherited)",
					"@executable_path/Frameworks",
				);
				PRODUCT_BUNDLE_IDENTIFIER = dmartan.Spancirfest;
				PRODUCT_NAME = "$(TARGET_NAME)";
				SWIFT_VERSION = 5.0;
				TARGETED_DEVICE_FAMILY = "1,2";
			};
			name = Release;
		};
/* End XCBuildConfiguration section */

/* Begin XCConfigurationList section */
		313AD8BF267774F400F0A562 /* Build configuration list for PBXProject "Spancirfest" */ = {
			isa = XCConfigurationList;
			buildConfigurations = (
				313AD8D6267774F700F0A562 /* Debug */,
				313AD8D7267774F700F0A562 /* Release */,
			);
			defaultConfigurationIsVisible = 0;
			defaultConfigurationName = Release;
		};
		313AD8D8267774F700F0A562 /* Build configuration list for PBXNativeTarget "Spancirfest" */ = {
			isa = XCConfigurationList;
			buildConfigurations = (
				313AD8D9267774F700F0A562 /* Debug */,
				313AD8DA267774F700F0A562 /* Release */,
			);
			defaultConfigurationIsVisible = 0;
			defaultConfigurationName = Release;
		};
/* End XCConfigurationList section */
	};
	rootObject = 313AD8BC267774F400F0A562 /* Project object */;
}
